// !$*UTF8*$!
{
	archiveVersion = 1;
	classes = {
	};
	objectVersion = 56;
	objects = {

/* Begin PBXBuildFile section */
		6F073AE12B7A42DA0082979C /* LoginViewController.swift in Sources */ = {isa = PBXBuildFile; fileRef = 6F073AE02B7A42DA0082979C /* LoginViewController.swift */; };
		6F073AE32B7A43470082979C /* MenuViewController.swift in Sources */ = {isa = PBXBuildFile; fileRef = 6F073AE22B7A43470082979C /* MenuViewController.swift */; };
		6F073AE52B7A43870082979C /* OrderCofeeViewController.swift in Sources */ = {isa = PBXBuildFile; fileRef = 6F073AE42B7A43870082979C /* OrderCofeeViewController.swift */; };
		6F073AE72B7A43AF0082979C /* ThanksScreenViewController.swift in Sources */ = {isa = PBXBuildFile; fileRef = 6F073AE62B7A43AF0082979C /* ThanksScreenViewController.swift */; };
		6F073AF22B7B4C280082979C /* ChoiceCoffeeRoast.swift in Sources */ = {isa = PBXBuildFile; fileRef = 6F073AF12B7B4C280082979C /* ChoiceCoffeeRoast.swift */; };
		6F945A4D2B7129E0002D3883 /* AppDelegate.swift in Sources */ = {isa = PBXBuildFile; fileRef = 6F945A4C2B7129E0002D3883 /* AppDelegate.swift */; };
		6F945A4F2B7129E0002D3883 /* SceneDelegate.swift in Sources */ = {isa = PBXBuildFile; fileRef = 6F945A4E2B7129E0002D3883 /* SceneDelegate.swift */; };
		6F945A562B7129E1002D3883 /* Assets.xcassets in Resources */ = {isa = PBXBuildFile; fileRef = 6F945A552B7129E1002D3883 /* Assets.xcassets */; };
		6F945A592B7129E1002D3883 /* LaunchScreen.storyboard in Resources */ = {isa = PBXBuildFile; fileRef = 6F945A572B7129E1002D3883 /* LaunchScreen.storyboard */; };
		6FBC36652B7CEC270053489F /* Constants.swift in Sources */ = {isa = PBXBuildFile; fileRef = 6FBC36642B7CEC270053489F /* Constants.swift */; };
		6FBC36682B7CF72B0053489F /* UITextField+Extension.swift in Sources */ = {isa = PBXBuildFile; fileRef = 6FBC36672B7CF72B0053489F /* UITextField+Extension.swift */; };
		6FBC366A2B7CF9750053489F /* UIDelegate+Extension.swift in Sources */ = {isa = PBXBuildFile; fileRef = 6FBC36692B7CF9750053489F /* UIDelegate+Extension.swift */; };
/* End PBXBuildFile section */

/* Begin PBXFileReference section */
		6F073AE02B7A42DA0082979C /* LoginViewController.swift */ = {isa = PBXFileReference; lastKnownFileType = sourcecode.swift; path = LoginViewController.swift; sourceTree = "<group>"; };
		6F073AE22B7A43470082979C /* MenuViewController.swift */ = {isa = PBXFileReference; lastKnownFileType = sourcecode.swift; path = MenuViewController.swift; sourceTree = "<group>"; };
		6F073AE42B7A43870082979C /* OrderCofeeViewController.swift */ = {isa = PBXFileReference; lastKnownFileType = sourcecode.swift; path = OrderCofeeViewController.swift; sourceTree = "<group>"; };
		6F073AE62B7A43AF0082979C /* ThanksScreenViewController.swift */ = {isa = PBXFileReference; lastKnownFileType = sourcecode.swift; path = ThanksScreenViewController.swift; sourceTree = "<group>"; };
		6F073AF12B7B4C280082979C /* ChoiceCoffeeRoast.swift */ = {isa = PBXFileReference; lastKnownFileType = sourcecode.swift; path = ChoiceCoffeeRoast.swift; sourceTree = "<group>"; };
		6F073AF32B7B91B60082979C /* Verdana-Bold.ttf */ = {isa = PBXFileReference; lastKnownFileType = file; path = "Verdana-Bold.ttf"; sourceTree = "<group>"; };
		6F073AF42B7B91BB0082979C /* Verdana.ttf */ = {isa = PBXFileReference; lastKnownFileType = file; path = Verdana.ttf; sourceTree = "<group>"; };
		6F073AF52B7B93FC0082979C /* AmaticSC-Bold.ttf */ = {isa = PBXFileReference; lastKnownFileType = file; path = "AmaticSC-Bold.ttf"; sourceTree = "<group>"; };
		6F945A492B7129E0002D3883 /* UIKitTeamplate.app */ = {isa = PBXFileReference; explicitFileType = wrapper.application; includeInIndex = 0; path = UIKitTeamplate.app; sourceTree = BUILT_PRODUCTS_DIR; };
		6F945A4C2B7129E0002D3883 /* AppDelegate.swift */ = {isa = PBXFileReference; lastKnownFileType = sourcecode.swift; path = AppDelegate.swift; sourceTree = "<group>"; };
		6F945A4E2B7129E0002D3883 /* SceneDelegate.swift */ = {isa = PBXFileReference; lastKnownFileType = sourcecode.swift; path = SceneDelegate.swift; sourceTree = "<group>"; };
		6F945A552B7129E1002D3883 /* Assets.xcassets */ = {isa = PBXFileReference; lastKnownFileType = folder.assetcatalog; path = Assets.xcassets; sourceTree = "<group>"; };
		6F945A582B7129E1002D3883 /* Base */ = {isa = PBXFileReference; lastKnownFileType = file.storyboard; name = Base; path = Base.lproj/LaunchScreen.storyboard; sourceTree = "<group>"; };
		6F945A5A2B7129E1002D3883 /* Info.plist */ = {isa = PBXFileReference; lastKnownFileType = text.plist.xml; path = Info.plist; sourceTree = "<group>"; };
		6FBC36642B7CEC270053489F /* Constants.swift */ = {isa = PBXFileReference; lastKnownFileType = sourcecode.swift; path = Constants.swift; sourceTree = "<group>"; };
		6FBC36672B7CF72B0053489F /* UITextField+Extension.swift */ = {isa = PBXFileReference; lastKnownFileType = sourcecode.swift; path = "UITextField+Extension.swift"; sourceTree = "<group>"; };
		6FBC36692B7CF9750053489F /* UIDelegate+Extension.swift */ = {isa = PBXFileReference; lastKnownFileType = sourcecode.swift; path = "UIDelegate+Extension.swift"; sourceTree = "<group>"; };
/* End PBXFileReference section */

/* Begin PBXFrameworksBuildPhase section */
		6F945A462B7129E0002D3883 /* Frameworks */ = {
			isa = PBXFrameworksBuildPhase;
			buildActionMask = 2147483647;
			files = (
			);
			runOnlyForDeploymentPostprocessing = 0;
		};
/* End PBXFrameworksBuildPhase section */

/* Begin PBXGroup section */
		6F073AE92B7A43D60082979C /* Login screen */ = {
			isa = PBXGroup;
			children = (
				6F073AE02B7A42DA0082979C /* LoginViewController.swift */,
			);
			path = "Login screen";
			sourceTree = "<group>";
		};
		6F073AEA2B7A43F90082979C /* Choose Coffee screen */ = {
			isa = PBXGroup;
			children = (
				6F073AE42B7A43870082979C /* OrderCofeeViewController.swift */,
				6F073AF12B7B4C280082979C /* ChoiceCoffeeRoast.swift */,
			);
			path = "Choose Coffee screen";
			sourceTree = "<group>";
		};
		6F073AEB2B7A44140082979C /* Menu screen */ = {
			isa = PBXGroup;
			children = (
				6F073AE22B7A43470082979C /* MenuViewController.swift */,
			);
			path = "Menu screen";
			sourceTree = "<group>";
		};
		6F073AEC2B7A44240082979C /* Thanks screen */ = {
			isa = PBXGroup;
			children = (
				6F073AE62B7A43AF0082979C /* ThanksScreenViewController.swift */,
			);
			path = "Thanks screen";
			sourceTree = "<group>";
		};
		6F073AED2B7A443C0082979C /* Delegate */ = {
			isa = PBXGroup;
			children = (
				6F945A4C2B7129E0002D3883 /* AppDelegate.swift */,
				6F945A4E2B7129E0002D3883 /* SceneDelegate.swift */,
				6FBC36642B7CEC270053489F /* Constants.swift */,
			);
			path = Delegate;
			sourceTree = "<group>";
		};
		6F073AEE2B7A45160082979C /* View */ = {
			isa = PBXGroup;
			children = (
				6F945A572B7129E1002D3883 /* LaunchScreen.storyboard */,
			);
			path = View;
			sourceTree = "<group>";
		};
		6F945A402B7129E0002D3883 = {
			isa = PBXGroup;
			children = (
				6F945A4B2B7129E0002D3883 /* UIKitTeamplate */,
				6F945A4A2B7129E0002D3883 /* Products */,
			);
			sourceTree = "<group>";
		};
		6F945A4A2B7129E0002D3883 /* Products */ = {
			isa = PBXGroup;
			children = (
				6F945A492B7129E0002D3883 /* UIKitTeamplate.app */,
			);
			name = Products;
			sourceTree = "<group>";
		};
		6F945A4B2B7129E0002D3883 /* UIKitTeamplate */ = {
			isa = PBXGroup;
			children = (
				6FBC36662B7CF6ED0053489F /* Extension */,
				6F073AEE2B7A45160082979C /* View */,
				6F073AED2B7A443C0082979C /* Delegate */,
				6F073AE92B7A43D60082979C /* Login screen */,
				6F073AEA2B7A43F90082979C /* Choose Coffee screen */,
				6F073AEC2B7A44240082979C /* Thanks screen */,
				6F073AEB2B7A44140082979C /* Menu screen */,
				6F945A552B7129E1002D3883 /* Assets.xcassets */,
				6F945A5A2B7129E1002D3883 /* Info.plist */,
				6F073AF32B7B91B60082979C /* Verdana-Bold.ttf */,
				6F073AF42B7B91BB0082979C /* Verdana.ttf */,
				6F073AF52B7B93FC0082979C /* AmaticSC-Bold.ttf */,
			);
			path = UIKitTeamplate;
			sourceTree = "<group>";
		};
		6FBC36662B7CF6ED0053489F /* Extension */ = {
			isa = PBXGroup;
			children = (
				6FBC36672B7CF72B0053489F /* UITextField+Extension.swift */,
				6FBC36692B7CF9750053489F /* UIDelegate+Extension.swift */,
			);
			path = Extension;
			sourceTree = "<group>";
		};
/* End PBXGroup section */

/* Begin PBXNativeTarget section */
		6F945A482B7129E0002D3883 /* UIKitTeamplate */ = {
			isa = PBXNativeTarget;
			buildConfigurationList = 6F945A5D2B7129E1002D3883 /* Build configuration list for PBXNativeTarget "UIKitTeamplate" */;
			buildPhases = (
				6F945A672B7180BF002D3883 /* SwiftFormat */,
				6F945A612B713825002D3883 /* SwiftLint */,
				6F945A472B7129E0002D3883 /* Resources */,
				6F945A462B7129E0002D3883 /* Frameworks */,
				6F945A452B7129E0002D3883 /* Sources */,
			);
			buildRules = (
			);
			dependencies = (
			);
			name = UIKitTeamplate;
			packageProductDependencies = (
			);
			productName = UIKitTeamplate;
			productReference = 6F945A492B7129E0002D3883 /* UIKitTeamplate.app */;
			productType = "com.apple.product-type.application";
		};
/* End PBXNativeTarget section */

/* Begin PBXProject section */
		6F945A412B7129E0002D3883 /* Project object */ = {
			isa = PBXProject;
			attributes = {
				BuildIndependentTargetsInParallel = 1;
				LastSwiftUpdateCheck = 1520;
				LastUpgradeCheck = 1520;
				TargetAttributes = {
					6F945A482B7129E0002D3883 = {
						CreatedOnToolsVersion = 15.2;
					};
				};
			};
			buildConfigurationList = 6F945A442B7129E0002D3883 /* Build configuration list for PBXProject "UIKitTeamplate" */;
			compatibilityVersion = "Xcode 14.0";
			developmentRegion = en;
			hasScannedForEncodings = 0;
			knownRegions = (
				en,
				Base,
			);
			mainGroup = 6F945A402B7129E0002D3883;
			packageReferences = (
			);
			productRefGroup = 6F945A4A2B7129E0002D3883 /* Products */;
			projectDirPath = "";
			projectRoot = "";
			targets = (
				6F945A482B7129E0002D3883 /* UIKitTeamplate */,
			);
		};
/* End PBXProject section */

/* Begin PBXResourcesBuildPhase section */
		6F945A472B7129E0002D3883 /* Resources */ = {
			isa = PBXResourcesBuildPhase;
			buildActionMask = 2147483647;
			files = (
				6F945A592B7129E1002D3883 /* LaunchScreen.storyboard in Resources */,
				6F945A562B7129E1002D3883 /* Assets.xcassets in Resources */,
			);
			runOnlyForDeploymentPostprocessing = 0;
		};
/* End PBXResourcesBuildPhase section */

/* Begin PBXShellScriptBuildPhase section */
		6F945A612B713825002D3883 /* SwiftLint */ = {
			isa = PBXShellScriptBuildPhase;
			alwaysOutOfDate = 1;
			buildActionMask = 2147483647;
			files = (
			);
			inputFileListPaths = (
			);
			inputPaths = (
			);
			name = SwiftLint;
			outputFileListPaths = (
			);
			outputPaths = (
			);
			runOnlyForDeploymentPostprocessing = 0;
			shellPath = /bin/sh;
			shellScript = "if [[ \"$(uname -m)\" == arm64 ]]; then\n    export PATH=\"/opt/homebrew/bin:$PATH\"\nfi\n\nif which swiftlint > /dev/null; then\n  swiftlint\nelse\n  echo \"warning: SwiftLint not installed, download from https://github.com/realm/SwiftLint\"\nfi\n";
			showEnvVarsInLog = 0;
		};
		6F945A672B7180BF002D3883 /* SwiftFormat */ = {
			isa = PBXShellScriptBuildPhase;
			alwaysOutOfDate = 1;
			buildActionMask = 2147483647;
			files = (
			);
			inputFileListPaths = (
			);
			inputPaths = (
			);
			name = SwiftFormat;
			outputFileListPaths = (
			);
			outputPaths = (
			);
			runOnlyForDeploymentPostprocessing = 0;
			shellPath = /bin/sh;
			shellScript = "if [[ \"$(uname -m)\" == arm64 ]]; then\n    export PATH=\"/opt/homebrew/bin:$PATH\"\nfi\n\nif which swiftformat > /dev/null; then\n  swiftformat .\nelse\n  echo \"warning: SwiftFormat not installed, download from https://github.com/nicklockwood/SwiftFormat\"\nfi\n";
		};
/* End PBXShellScriptBuildPhase section */

/* Begin PBXSourcesBuildPhase section */
		6F945A452B7129E0002D3883 /* Sources */ = {
			isa = PBXSourcesBuildPhase;
			buildActionMask = 2147483647;
			files = (
				6FBC36682B7CF72B0053489F /* UITextField+Extension.swift in Sources */,
				6F073AE12B7A42DA0082979C /* LoginViewController.swift in Sources */,
				6F073AE32B7A43470082979C /* MenuViewController.swift in Sources */,
				6F073AE72B7A43AF0082979C /* ThanksScreenViewController.swift in Sources */,
				6FBC36652B7CEC270053489F /* Constants.swift in Sources */,
				6F945A4D2B7129E0002D3883 /* AppDelegate.swift in Sources */,
				6FBC366A2B7CF9750053489F /* UIDelegate+Extension.swift in Sources */,
				6F073AE52B7A43870082979C /* OrderCofeeViewController.swift in Sources */,
				6F073AF22B7B4C280082979C /* ChoiceCoffeeRoast.swift in Sources */,
				6F945A4F2B7129E0002D3883 /* SceneDelegate.swift in Sources */,
			);
			runOnlyForDeploymentPostprocessing = 0;
		};
/* End PBXSourcesBuildPhase section */

/* Begin PBXVariantGroup section */
		6F945A572B7129E1002D3883 /* LaunchScreen.storyboard */ = {
			isa = PBXVariantGroup;
			children = (
				6F945A582B7129E1002D3883 /* Base */,
			);
			name = LaunchScreen.storyboard;
			sourceTree = "<group>";
		};
/* End PBXVariantGroup section */

/* Begin XCBuildConfiguration section */
		6F945A5B2B7129E1002D3883 /* Debug */ = {
			isa = XCBuildConfiguration;
			buildSettings = {
				ALWAYS_SEARCH_USER_PATHS = NO;
				ASSETCATALOG_COMPILER_GENERATE_SWIFT_ASSET_SYMBOL_EXTENSIONS = YES;
				CLANG_ANALYZER_NONNULL = YES;
				CLANG_ANALYZER_NUMBER_OBJECT_CONVERSION = YES_AGGRESSIVE;
				CLANG_CXX_LANGUAGE_STANDARD = "gnu++20";
				CLANG_ENABLE_MODULES = YES;
				CLANG_ENABLE_OBJC_ARC = YES;
				CLANG_ENABLE_OBJC_WEAK = YES;
				CLANG_WARN_BLOCK_CAPTURE_AUTORELEASING = YES;
				CLANG_WARN_BOOL_CONVERSION = YES;
				CLANG_WARN_COMMA = YES;
				CLANG_WARN_CONSTANT_CONVERSION = YES;
				CLANG_WARN_DEPRECATED_OBJC_IMPLEMENTATIONS = YES;
				CLANG_WARN_DIRECT_OBJC_ISA_USAGE = YES_ERROR;
				CLANG_WARN_DOCUMENTATION_COMMENTS = YES;
				CLANG_WARN_EMPTY_BODY = YES;
				CLANG_WARN_ENUM_CONVERSION = YES;
				CLANG_WARN_INFINITE_RECURSION = YES;
				CLANG_WARN_INT_CONVERSION = YES;
				CLANG_WARN_NON_LITERAL_NULL_CONVERSION = YES;
				CLANG_WARN_OBJC_IMPLICIT_RETAIN_SELF = YES;
				CLANG_WARN_OBJC_LITERAL_CONVERSION = YES;
				CLANG_WARN_OBJC_ROOT_CLASS = YES_ERROR;
				CLANG_WARN_QUOTED_INCLUDE_IN_FRAMEWORK_HEADER = YES;
				CLANG_WARN_RANGE_LOOP_ANALYSIS = YES;
				CLANG_WARN_STRICT_PROTOTYPES = YES;
				CLANG_WARN_SUSPICIOUS_MOVE = YES;
				CLANG_WARN_UNGUARDED_AVAILABILITY = YES_AGGRESSIVE;
				CLANG_WARN_UNREACHABLE_CODE = YES;
				CLANG_WARN__DUPLICATE_METHOD_MATCH = YES;
				COPY_PHASE_STRIP = NO;
				DEBUG_INFORMATION_FORMAT = dwarf;
				ENABLE_STRICT_OBJC_MSGSEND = YES;
				ENABLE_TESTABILITY = YES;
				ENABLE_USER_SCRIPT_SANDBOXING = YES;
				GCC_C_LANGUAGE_STANDARD = gnu17;
				GCC_DYNAMIC_NO_PIC = NO;
				GCC_NO_COMMON_BLOCKS = YES;
				GCC_OPTIMIZATION_LEVEL = 0;
				GCC_PREPROCESSOR_DEFINITIONS = (
					"DEBUG=1",
					"$(inherited)",
				);
				GCC_WARN_64_TO_32_BIT_CONVERSION = YES;
				GCC_WARN_ABOUT_RETURN_TYPE = YES_ERROR;
				GCC_WARN_UNDECLARED_SELECTOR = YES;
				GCC_WARN_UNINITIALIZED_AUTOS = YES_AGGRESSIVE;
				GCC_WARN_UNUSED_FUNCTION = YES;
				GCC_WARN_UNUSED_VARIABLE = YES;
				IPHONEOS_DEPLOYMENT_TARGET = 17.2;
				LOCALIZATION_PREFERS_STRING_CATALOGS = YES;
				MTL_ENABLE_DEBUG_INFO = INCLUDE_SOURCE;
				MTL_FAST_MATH = YES;
				ONLY_ACTIVE_ARCH = YES;
				SDKROOT = iphoneos;
				SWIFT_ACTIVE_COMPILATION_CONDITIONS = "DEBUG $(inherited)";
				SWIFT_OPTIMIZATION_LEVEL = "-Onone";
			};
			name = Debug;
		};
		6F945A5C2B7129E1002D3883 /* Release */ = {
			isa = XCBuildConfiguration;
			buildSettings = {
				ALWAYS_SEARCH_USER_PATHS = NO;
				ASSETCATALOG_COMPILER_GENERATE_SWIFT_ASSET_SYMBOL_EXTENSIONS = YES;
				CLANG_ANALYZER_NONNULL = YES;
				CLANG_ANALYZER_NUMBER_OBJECT_CONVERSION = YES_AGGRESSIVE;
				CLANG_CXX_LANGUAGE_STANDARD = "gnu++20";
				CLANG_ENABLE_MODULES = YES;
				CLANG_ENABLE_OBJC_ARC = YES;
				CLANG_ENABLE_OBJC_WEAK = YES;
				CLANG_WARN_BLOCK_CAPTURE_AUTORELEASING = YES;
				CLANG_WARN_BOOL_CONVERSION = YES;
				CLANG_WARN_COMMA = YES;
				CLANG_WARN_CONSTANT_CONVERSION = YES;
				CLANG_WARN_DEPRECATED_OBJC_IMPLEMENTATIONS = YES;
				CLANG_WARN_DIRECT_OBJC_ISA_USAGE = YES_ERROR;
				CLANG_WARN_DOCUMENTATION_COMMENTS = YES;
				CLANG_WARN_EMPTY_BODY = YES;
				CLANG_WARN_ENUM_CONVERSION = YES;
				CLANG_WARN_INFINITE_RECURSION = YES;
				CLANG_WARN_INT_CONVERSION = YES;
				CLANG_WARN_NON_LITERAL_NULL_CONVERSION = YES;
				CLANG_WARN_OBJC_IMPLICIT_RETAIN_SELF = YES;
				CLANG_WARN_OBJC_LITERAL_CONVERSION = YES;
				CLANG_WARN_OBJC_ROOT_CLASS = YES_ERROR;
				CLANG_WARN_QUOTED_INCLUDE_IN_FRAMEWORK_HEADER = YES;
				CLANG_WARN_RANGE_LOOP_ANALYSIS = YES;
				CLANG_WARN_STRICT_PROTOTYPES = YES;
				CLANG_WARN_SUSPICIOUS_MOVE = YES;
				CLANG_WARN_UNGUARDED_AVAILABILITY = YES_AGGRESSIVE;
				CLANG_WARN_UNREACHABLE_CODE = YES;
				CLANG_WARN__DUPLICATE_METHOD_MATCH = YES;
				COPY_PHASE_STRIP = NO;
				DEBUG_INFORMATION_FORMAT = "dwarf-with-dsym";
				ENABLE_NS_ASSERTIONS = NO;
				ENABLE_STRICT_OBJC_MSGSEND = YES;
				ENABLE_USER_SCRIPT_SANDBOXING = YES;
				GCC_C_LANGUAGE_STANDARD = gnu17;
				GCC_NO_COMMON_BLOCKS = YES;
				GCC_WARN_64_TO_32_BIT_CONVERSION = YES;
				GCC_WARN_ABOUT_RETURN_TYPE = YES_ERROR;
				GCC_WARN_UNDECLARED_SELECTOR = YES;
				GCC_WARN_UNINITIALIZED_AUTOS = YES_AGGRESSIVE;
				GCC_WARN_UNUSED_FUNCTION = YES;
				GCC_WARN_UNUSED_VARIABLE = YES;
				IPHONEOS_DEPLOYMENT_TARGET = 17.2;
				LOCALIZATION_PREFERS_STRING_CATALOGS = YES;
				MTL_ENABLE_DEBUG_INFO = NO;
				MTL_FAST_MATH = YES;
				SDKROOT = iphoneos;
				SWIFT_COMPILATION_MODE = wholemodule;
				VALIDATE_PRODUCT = YES;
			};
			name = Release;
		};
		6F945A5E2B7129E1002D3883 /* Debug */ = {
			isa = XCBuildConfiguration;
			buildSettings = {
				ASSETCATALOG_COMPILER_APPICON_NAME = AppIcon;
				ASSETCATALOG_COMPILER_GLOBAL_ACCENT_COLOR_NAME = AccentColor;
				CODE_SIGN_STYLE = Automatic;
				CURRENT_PROJECT_VERSION = 1;
				ENABLE_USER_SCRIPT_SANDBOXING = NO;
				GENERATE_INFOPLIST_FILE = YES;
				INFOPLIST_FILE = UIKitTeamplate/Info.plist;
				INFOPLIST_KEY_UIApplicationSupportsIndirectInputEvents = YES;
				INFOPLIST_KEY_UILaunchStoryboardName = LaunchScreen;
				INFOPLIST_KEY_UISupportedInterfaceOrientations_iPad = "UIInterfaceOrientationPortrait UIInterfaceOrientationPortraitUpsideDown UIInterfaceOrientationLandscapeLeft UIInterfaceOrientationLandscapeRight";
				INFOPLIST_KEY_UISupportedInterfaceOrientations_iPhone = "UIInterfaceOrientationPortrait UIInterfaceOrientationLandscapeLeft UIInterfaceOrientationLandscapeRight";
				LD_RUNPATH_SEARCH_PATHS = (
					"$(inherited)",
					"@executable_path/Frameworks",
				);
				MARKETING_VERSION = 1.0;
				PRODUCT_BUNDLE_IDENTIFIER = com.omak.UIKitTeamplate;
				PRODUCT_NAME = "$(TARGET_NAME)";
				SWIFT_EMIT_LOC_STRINGS = YES;
				SWIFT_VERSION = 5.0;
				TARGETED_DEVICE_FAMILY = "1,2";
			};
			name = Debug;
		};
		6F945A5F2B7129E1002D3883 /* Release */ = {
			isa = XCBuildConfiguration;
			buildSettings = {
				ASSETCATALOG_COMPILER_APPICON_NAME = AppIcon;
				ASSETCATALOG_COMPILER_GLOBAL_ACCENT_COLOR_NAME = AccentColor;
				CODE_SIGN_STYLE = Automatic;
				CURRENT_PROJECT_VERSION = 1;
				ENABLE_USER_SCRIPT_SANDBOXING = NO;
				GENERATE_INFOPLIST_FILE = YES;
				INFOPLIST_FILE = UIKitTeamplate/Info.plist;
				INFOPLIST_KEY_UIApplicationSupportsIndirectInputEvents = YES;
				INFOPLIST_KEY_UILaunchStoryboardName = LaunchScreen;
				INFOPLIST_KEY_UISupportedInterfaceOrientations_iPad = "UIInterfaceOrientationPortrait UIInterfaceOrientationPortraitUpsideDown UIInterfaceOrientationLandscapeLeft UIInterfaceOrientationLandscapeRight";
				INFOPLIST_KEY_UISupportedInterfaceOrientations_iPhone = "UIInterfaceOrientationPortrait UIInterfaceOrientationLandscapeLeft UIInterfaceOrientationLandscapeRight";
				LD_RUNPATH_SEARCH_PATHS = (
					"$(inherited)",
					"@executable_path/Frameworks",
				);
				MARKETING_VERSION = 1.0;
				PRODUCT_BUNDLE_IDENTIFIER = com.omak.UIKitTeamplate;
				PRODUCT_NAME = "$(TARGET_NAME)";
				SWIFT_EMIT_LOC_STRINGS = YES;
				SWIFT_VERSION = 5.0;
				TARGETED_DEVICE_FAMILY = "1,2";
			};
			name = Release;
		};
/* End XCBuildConfiguration section */

/* Begin XCConfigurationList section */
		6F945A442B7129E0002D3883 /* Build configuration list for PBXProject "UIKitTeamplate" */ = {
			isa = XCConfigurationList;
			buildConfigurations = (
				6F945A5B2B7129E1002D3883 /* Debug */,
				6F945A5C2B7129E1002D3883 /* Release */,
			);
			defaultConfigurationIsVisible = 0;
			defaultConfigurationName = Release;
		};
		6F945A5D2B7129E1002D3883 /* Build configuration list for PBXNativeTarget "UIKitTeamplate" */ = {
			isa = XCConfigurationList;
			buildConfigurations = (
				6F945A5E2B7129E1002D3883 /* Debug */,
				6F945A5F2B7129E1002D3883 /* Release */,
			);
			defaultConfigurationIsVisible = 0;
			defaultConfigurationName = Release;
		};
/* End XCConfigurationList section */
	};
	rootObject = 6F945A412B7129E0002D3883 /* Project object */;
}
